// !$*UTF8*$!
{
	archiveVersion = 1;
	classes = {
	};
	objectVersion = 77;
	objects = {

/* Begin PBXBuildFile section */
		7B0590AD2FD6C5E60016FCC3 /* PackagesNoticeInfoModel.swift in Sources */ = {isa = PBXBuildFile; fileRef = 7B0590AC2FD6C5E60016FCC3 /* PackagesNoticeInfoModel.swift */; };
		7B2D22DE2FC7DC0800D0531F /* AirHotelApp.swift in Sources */ = {isa = PBXBuildFile; fileRef = 7B2D22D62FC7DC0800D0531F /* AirHotelApp.swift */; };
		7B2D22DF2FC7DC0800D0531F /* PackagesComboView.swift in Sources */ = {isa = PBXBuildFile; fileRef = 7B2D22D82FC7DC0800D0531F /* PackagesComboView.swift */; };
		7B2D22E02FC7DC0800D0531F /* Constant.swift in Sources */ = {isa = PBXBuildFile; fileRef = 7B2D22D92FC7DC0800D0531F /* Constant.swift */; };
		7B2D22E12FC7DC0800D0531F /* ContentView.swift in Sources */ = {isa = PBXBuildFile; fileRef = 7B2D22DA2FC7DC0800D0531F /* ContentView.swift */; };
		7B2D22E22FC7DC0800D0531F /* NavHostingController.swift in Sources */ = {isa = PBXBuildFile; fileRef = 7B2D22DB2FC7DC0800D0531F /* NavHostingController.swift */; };
		7B2D22E32FC7DC0800D0531F /* SearchView.swift in Sources */ = {isa = PBXBuildFile; fileRef = 7B2D22DC2FC7DC0800D0531F /* SearchView.swift */; };
		7B2D22E42FC7DC0800D0531F /* Assets.xcassets in Resources */ = {isa = PBXBuildFile; fileRef = 7B2D22D72FC7DC0800D0531F /* Assets.xcassets */; };
		7B2D22E72FC7DCB500D0531F /* BookingConfirmView.swift in Sources */ = {isa = PBXBuildFile; fileRef = 7B2D22E62FC7DCB500D0531F /* BookingConfirmView.swift */; };
		7B2D22EA2FC81D4B00D0531F /* PackagesComboAirCard.swift in Sources */ = {isa = PBXBuildFile; fileRef = 7B2D22E92FC81D4B00D0531F /* PackagesComboAirCard.swift */; };
		7B2D22EC2FC820B900D0531F /* PackagesComboCardTitle.swift in Sources */ = {isa = PBXBuildFile; fileRef = 7B2D22EB2FC820B900D0531F /* PackagesComboCardTitle.swift */; };
		7B3343662FCD5E4E00B82A6A /* PackagesComboDiscountCard.swift in Sources */ = {isa = PBXBuildFile; fileRef = 7B3343652FCD5E4E00B82A6A /* PackagesComboDiscountCard.swift */; };
		7B39BE2C2FC94706003ABF42 /* PackagesComboAirInfoModel.swift in Sources */ = {isa = PBXBuildFile; fileRef = 7B39BE2B2FC94706003ABF42 /* PackagesComboAirInfoModel.swift */; };
		7B39BE2F2FC9665D003ABF42 /* PackagesComboSystemNoticeModel.swift in Sources */ = {isa = PBXBuildFile; fileRef = 7B39BE2E2FC9665D003ABF42 /* PackagesComboSystemNoticeModel.swift */; };
		7B39BE312FC96A69003ABF42 /* PackagesComboHeader.swift in Sources */ = {isa = PBXBuildFile; fileRef = 7B39BE302FC96A69003ABF42 /* PackagesComboHeader.swift */; };
		7B39BE332FC96B3C003ABF42 /* PackagesComboNavView.swift in Sources */ = {isa = PBXBuildFile; fileRef = 7B39BE322FC96B3C003ABF42 /* PackagesComboNavView.swift */; };
		7B39BE352FC96B96003ABF42 /* PackagesComboPolicyNoticeView.swift in Sources */ = {isa = PBXBuildFile; fileRef = 7B39BE342FC96B96003ABF42 /* PackagesComboPolicyNoticeView.swift */; };
		7B39BE372FC96BC8003ABF42 /* PackagesComboSystemNoticeView.swift in Sources */ = {isa = PBXBuildFile; fileRef = 7B39BE362FC96BC8003ABF42 /* PackagesComboSystemNoticeView.swift */; };
		7B39BE392FC96CC3003ABF42 /* PackagesComboViewModel.swift in Sources */ = {isa = PBXBuildFile; fileRef = 7B39BE382FC96CC3003ABF42 /* PackagesComboViewModel.swift */; };
		7B39BE3B2FC971CF003ABF42 /* PackagesComboNavInfo.swift in Sources */ = {isa = PBXBuildFile; fileRef = 7B39BE3A2FC971CF003ABF42 /* PackagesComboNavInfo.swift */; };
		7B39BE3D2FC97A61003ABF42 /* PackagesComboHotelCard.swift in Sources */ = {isa = PBXBuildFile; fileRef = 7B39BE3C2FC97A61003ABF42 /* PackagesComboHotelCard.swift */; };
		7B4460CC2FEA39BA00271458 /* Combo.json in Resources */ = {isa = PBXBuildFile; fileRef = 7B4460CB2FEA39BA00271458 /* Combo.json */; };
		7B4767992FF376500070BAA4 /* PackagesHotelIsGuaranteeResponse.swift in Sources */ = {isa = PBXBuildFile; fileRef = 7B4767982FF376500070BAA4 /* PackagesHotelIsGuaranteeResponse.swift */; };
		7B5D2B222FE923B200678C97 /* PackagesDynamicBundleResponse.swift in Sources */ = {isa = PBXBuildFile; fileRef = 7B5D2B212FE923B200678C97 /* PackagesDynamicBundleResponse.swift */; };
		7B6411BD2FCFFFDE00EC660B /* PackagesComboAmountBottomView.swift in Sources */ = {isa = PBXBuildFile; fileRef = 7B6411BC2FCFFFDE00EC660B /* PackagesComboAmountBottomView.swift */; };
		7B6411BF2FD001AF00EC660B /* PackagesComboAmountDetailView.swift in Sources */ = {isa = PBXBuildFile; fileRef = 7B6411BE2FD001AF00EC660B /* PackagesComboAmountDetailView.swift */; };
		7B6411C12FD0221B00EC660B /* PackagesComboHotelInfoModel.swift in Sources */ = {isa = PBXBuildFile; fileRef = 7B6411C02FD0221B00EC660B /* PackagesComboHotelInfoModel.swift */; };
		7B6411C32FD0270A00EC660B /* PackagesComboDiscountInfoCard.swift in Sources */ = {isa = PBXBuildFile; fileRef = 7B6411C22FD0270A00EC660B /* PackagesComboDiscountInfoCard.swift */; };
		7B9107622FD6650300083AF1 /* PackagesComboAmountModel.swift in Sources */ = {isa = PBXBuildFile; fileRef = 7B9107612FD6650300083AF1 /* PackagesComboAmountModel.swift */; };
		7B9107642FD6938E00083AF1 /* PackagesNoticeInfoView.swift in Sources */ = {isa = PBXBuildFile; fileRef = 7B9107632FD6938E00083AF1 /* PackagesNoticeInfoView.swift */; };
		7B9D52432FECBD27002AF33B /* DialogSwiftUIView.swift in Sources */ = {isa = PBXBuildFile; fileRef = 7B9D52422FECBD27002AF33B /* DialogSwiftUIView.swift */; };
		7BB68CE52FCE737E009412D8 /* DiscountDemo.swift in Sources */ = {isa = PBXBuildFile; fileRef = 7BB68CE42FCE737E009412D8 /* DiscountDemo.swift */; };
		7BE414C42FD2784600BF0EB6 /* AppSpacing.swift in Sources */ = {isa = PBXBuildFile; fileRef = 7BE414C12FD2784600BF0EB6 /* AppSpacing.swift */; };
		7BE414C52FD2784600BF0EB6 /* UIColor+Hex.swift in Sources */ = {isa = PBXBuildFile; fileRef = 7BE414BE2FD2784600BF0EB6 /* UIColor+Hex.swift */; };
		7BE414C62FD2784600BF0EB6 /* AppColor.swift in Sources */ = {isa = PBXBuildFile; fileRef = 7BE414C02FD2784600BF0EB6 /* AppColor.swift */; };
		7BE414C72FD2784600BF0EB6 /* DesignToken.swift in Sources */ = {isa = PBXBuildFile; fileRef = 7BE414BD2FD2784600BF0EB6 /* DesignToken.swift */; };
		7BE414C82FD2784600BF0EB6 /* AppTypography.swift in Sources */ = {isa = PBXBuildFile; fileRef = 7BE414C22FD2784600BF0EB6 /* AppTypography.swift */; };
		7BE414CA2FD2D39D00BF0EB6 /* PackagesComboChangeSearchNavView.swift in Sources */ = {isa = PBXBuildFile; fileRef = 7BE414C92FD2D39D00BF0EB6 /* PackagesComboChangeSearchNavView.swift */; };
		7BF022EA2FEE7E5C00E04F76 /* HomeAdImageViewSwiftUIView.swift in Sources */ = {isa = PBXBuildFile; fileRef = 7BF022E92FEE7E5C00E04F76 /* HomeAdImageViewSwiftUIView.swift */; };
/* End PBXBuildFile section */

/* Begin PBXFileReference section */
		7B0590AC2FD6C5E60016FCC3 /* PackagesNoticeInfoModel.swift */ = {isa = PBXFileReference; lastKnownFileType = sourcecode.swift; path = PackagesNoticeInfoModel.swift; sourceTree = "<group>"; };
		7B2D22D62FC7DC0800D0531F /* AirHotelApp.swift */ = {isa = PBXFileReference; lastKnownFileType = sourcecode.swift; path = AirHotelApp.swift; sourceTree = "<group>"; };
		7B2D22D72FC7DC0800D0531F /* Assets.xcassets */ = {isa = PBXFileReference; lastKnownFileType = folder.assetcatalog; path = Assets.xcassets; sourceTree = "<group>"; };
		7B2D22D82FC7DC0800D0531F /* PackagesComboView.swift */ = {isa = PBXFileReference; lastKnownFileType = sourcecode.swift; path = PackagesComboView.swift; sourceTree = "<group>"; };
		7B2D22D92FC7DC0800D0531F /* Constant.swift */ = {isa = PBXFileReference; lastKnownFileType = sourcecode.swift; path = Constant.swift; sourceTree = "<group>"; };
		7B2D22DA2FC7DC0800D0531F /* ContentView.swift */ = {isa = PBXFileReference; lastKnownFileType = sourcecode.swift; path = ContentView.swift; sourceTree = "<group>"; };
		7B2D22DB2FC7DC0800D0531F /* NavHostingController.swift */ = {isa = PBXFileReference; lastKnownFileType = sourcecode.swift; path = NavHostingController.swift; sourceTree = "<group>"; };
		7B2D22DC2FC7DC0800D0531F /* SearchView.swift */ = {isa = PBXFileReference; lastKnownFileType = sourcecode.swift; path = SearchView.swift; sourceTree = "<group>"; };
		7B2D22E62FC7DCB500D0531F /* BookingConfirmView.swift */ = {isa = PBXFileReference; lastKnownFileType = sourcecode.swift; path = BookingConfirmView.swift; sourceTree = "<group>"; };
		7B2D22E92FC81D4B00D0531F /* PackagesComboAirCard.swift */ = {isa = PBXFileReference; lastKnownFileType = sourcecode.swift; path = PackagesComboAirCard.swift; sourceTree = "<group>"; };
		7B2D22EB2FC820B900D0531F /* PackagesComboCardTitle.swift */ = {isa = PBXFileReference; lastKnownFileType = sourcecode.swift; path = PackagesComboCardTitle.swift; sourceTree = "<group>"; };
		7B3343652FCD5E4E00B82A6A /* PackagesComboDiscountCard.swift */ = {isa = PBXFileReference; lastKnownFileType = sourcecode.swift; path = PackagesComboDiscountCard.swift; sourceTree = "<group>"; };
		7B39BE2B2FC94706003ABF42 /* PackagesComboAirInfoModel.swift */ = {isa = PBXFileReference; lastKnownFileType = sourcecode.swift; path = PackagesComboAirInfoModel.swift; sourceTree = "<group>"; };
		7B39BE2E2FC9665D003ABF42 /* PackagesComboSystemNoticeModel.swift */ = {isa = PBXFileReference; lastKnownFileType = sourcecode.swift; path = PackagesComboSystemNoticeModel.swift; sourceTree = "<group>"; };
		7B39BE302FC96A69003ABF42 /* PackagesComboHeader.swift */ = {isa = PBXFileReference; lastKnownFileType = sourcecode.swift; path = PackagesComboHeader.swift; sourceTree = "<group>"; };
		7B39BE322FC96B3C003ABF42 /* PackagesComboNavView.swift */ = {isa = PBXFileReference; lastKnownFileType = sourcecode.swift; path = PackagesComboNavView.swift; sourceTree = "<group>"; };
		7B39BE342FC96B96003ABF42 /* PackagesComboPolicyNoticeView.swift */ = {isa = PBXFileReference; lastKnownFileType = sourcecode.swift; path = PackagesComboPolicyNoticeView.swift; sourceTree = "<group>"; };
		7B39BE362FC96BC8003ABF42 /* PackagesComboSystemNoticeView.swift */ = {isa = PBXFileReference; lastKnownFileType = sourcecode.swift; path = PackagesComboSystemNoticeView.swift; sourceTree = "<group>"; };
		7B39BE382FC96CC3003ABF42 /* PackagesComboViewModel.swift */ = {isa = PBXFileReference; lastKnownFileType = sourcecode.swift; path = PackagesComboViewModel.swift; sourceTree = "<group>"; };
		7B39BE3A2FC971CF003ABF42 /* PackagesComboNavInfo.swift */ = {isa = PBXFileReference; lastKnownFileType = sourcecode.swift; path = PackagesComboNavInfo.swift; sourceTree = "<group>"; };
		7B39BE3C2FC97A61003ABF42 /* PackagesComboHotelCard.swift */ = {isa = PBXFileReference; lastKnownFileType = sourcecode.swift; path = PackagesComboHotelCard.swift; sourceTree = "<group>"; };
		7B4460CB2FEA39BA00271458 /* Combo.json */ = {isa = PBXFileReference; lastKnownFileType = text.json; path = Combo.json; sourceTree = "<group>"; };
		7B4767982FF376500070BAA4 /* PackagesHotelIsGuaranteeResponse.swift */ = {isa = PBXFileReference; lastKnownFileType = sourcecode.swift; path = PackagesHotelIsGuaranteeResponse.swift; sourceTree = "<group>"; };
		7B5D2B212FE923B200678C97 /* PackagesDynamicBundleResponse.swift */ = {isa = PBXFileReference; lastKnownFileType = sourcecode.swift; path = PackagesDynamicBundleResponse.swift; sourceTree = "<group>"; };
		7B6411BC2FCFFFDE00EC660B /* PackagesComboAmountBottomView.swift */ = {isa = PBXFileReference; lastKnownFileType = sourcecode.swift; path = PackagesComboAmountBottomView.swift; sourceTree = "<group>"; };
		7B6411BE2FD001AF00EC660B /* PackagesComboAmountDetailView.swift */ = {isa = PBXFileReference; lastKnownFileType = sourcecode.swift; path = PackagesComboAmountDetailView.swift; sourceTree = "<group>"; };
		7B6411C02FD0221B00EC660B /* PackagesComboHotelInfoModel.swift */ = {isa = PBXFileReference; lastKnownFileType = sourcecode.swift; path = PackagesComboHotelInfoModel.swift; sourceTree = "<group>"; };
		7B6411C22FD0270A00EC660B /* PackagesComboDiscountInfoCard.swift */ = {isa = PBXFileReference; lastKnownFileType = sourcecode.swift; path = PackagesComboDiscountInfoCard.swift; sourceTree = "<group>"; };
		7B785D1B2FA8421400079056 /* AirHotel.app */ = {isa = PBXFileReference; explicitFileType = wrapper.application; includeInIndex = 0; path = AirHotel.app; sourceTree = BUILT_PRODUCTS_DIR; };
		7B9107612FD6650300083AF1 /* PackagesComboAmountModel.swift */ = {isa = PBXFileReference; lastKnownFileType = sourcecode.swift; path = PackagesComboAmountModel.swift; sourceTree = "<group>"; };
		7B9107632FD6938E00083AF1 /* PackagesNoticeInfoView.swift */ = {isa = PBXFileReference; lastKnownFileType = sourcecode.swift; path = PackagesNoticeInfoView.swift; sourceTree = "<group>"; };
		7B9D52422FECBD27002AF33B /* DialogSwiftUIView.swift */ = {isa = PBXFileReference; lastKnownFileType = sourcecode.swift; path = DialogSwiftUIView.swift; sourceTree = "<group>"; };
		7BB68CE42FCE737E009412D8 /* DiscountDemo.swift */ = {isa = PBXFileReference; lastKnownFileType = sourcecode.swift; path = DiscountDemo.swift; sourceTree = "<group>"; };
		7BE414BD2FD2784600BF0EB6 /* DesignToken.swift */ = {isa = PBXFileReference; lastKnownFileType = sourcecode.swift; path = DesignToken.swift; sourceTree = "<group>"; };
		7BE414BE2FD2784600BF0EB6 /* UIColor+Hex.swift */ = {isa = PBXFileReference; lastKnownFileType = sourcecode.swift; path = "UIColor+Hex.swift"; sourceTree = "<group>"; };
		7BE414C02FD2784600BF0EB6 /* AppColor.swift */ = {isa = PBXFileReference; lastKnownFileType = sourcecode.swift; path = AppColor.swift; sourceTree = "<group>"; };
		7BE414C12FD2784600BF0EB6 /* AppSpacing.swift */ = {isa = PBXFileReference; lastKnownFileType = sourcecode.swift; path = AppSpacing.swift; sourceTree = "<group>"; };
		7BE414C22FD2784600BF0EB6 /* AppTypography.swift */ = {isa = PBXFileReference; lastKnownFileType = sourcecode.swift; path = AppTypography.swift; sourceTree = "<group>"; };
		7BE414C92FD2D39D00BF0EB6 /* PackagesComboChangeSearchNavView.swift */ = {isa = PBXFileReference; lastKnownFileType = sourcecode.swift; path = PackagesComboChangeSearchNavView.swift; sourceTree = "<group>"; };
		7BF022E92FEE7E5C00E04F76 /* HomeAdImageViewSwiftUIView.swift */ = {isa = PBXFileReference; lastKnownFileType = sourcecode.swift; path = HomeAdImageViewSwiftUIView.swift; sourceTree = "<group>"; };
/* End PBXFileReference section */

/* Begin PBXFrameworksBuildPhase section */
		7B785D182FA8421400079056 /* Frameworks */ = {
			isa = PBXFrameworksBuildPhase;
			buildActionMask = 2147483647;
			files = (
			);
			runOnlyForDeploymentPostprocessing = 0;
		};
/* End PBXFrameworksBuildPhase section */

/* Begin PBXGroup section */
		7B2D22DD2FC7DC0800D0531F /* AirHotel */ = {
			isa = PBXGroup;
			children = (
				7B2D22D62FC7DC0800D0531F /* AirHotelApp.swift */,
				7B2D22DA2FC7DC0800D0531F /* ContentView.swift */,
				7B2D22D72FC7DC0800D0531F /* Assets.xcassets */,
				7B2D22E52FC7DC9A00D0531F /* Combine */,
				7B9D52422FECBD27002AF33B /* DialogSwiftUIView.swift */,
				7BF022E92FEE7E5C00E04F76 /* HomeAdImageViewSwiftUIView.swift */,
				7B2D22DC2FC7DC0800D0531F /* SearchView.swift */,
				7B2D22D92FC7DC0800D0531F /* Constant.swift */,
				7B2D22DB2FC7DC0800D0531F /* NavHostingController.swift */,
				7B2D22E62FC7DCB500D0531F /* BookingConfirmView.swift */,
				7BB68CE42FCE737E009412D8 /* DiscountDemo.swift */,
				7BE414C32FD2784600BF0EB6 /* DesignSystem */,
			);
			path = AirHotel;
			sourceTree = "<group>";
		};
		7B2D22E52FC7DC9A00D0531F /* Combine */ = {
			isa = PBXGroup;
			children = (
				7B4460CA2FEA397700271458 /* Mock */,
				7B39BE2D2FC948D2003ABF42 /* Model */,
				7B2D22E82FC81D3C00D0531F /* View */,
				7B2D22D82FC7DC0800D0531F /* PackagesComboView.swift */,
				7B9107632FD6938E00083AF1 /* PackagesNoticeInfoView.swift */,
				7B4460CD2FEA39E100271458 /* ViewModel */,
			);
			path = Combine;
			sourceTree = "<group>";
		};
		7B2D22E82FC81D3C00D0531F /* View */ = {
			isa = PBXGroup;
			children = (
				7B39BE322FC96B3C003ABF42 /* PackagesComboNavView.swift */,
				7B39BE342FC96B96003ABF42 /* PackagesComboPolicyNoticeView.swift */,
				7B39BE362FC96BC8003ABF42 /* PackagesComboSystemNoticeView.swift */,
				7B39BE302FC96A69003ABF42 /* PackagesComboHeader.swift */,
				7B2D22EB2FC820B900D0531F /* PackagesComboCardTitle.swift */,
				7B2D22E92FC81D4B00D0531F /* PackagesComboAirCard.swift */,
				7B39BE3C2FC97A61003ABF42 /* PackagesComboHotelCard.swift */,
				7B3343652FCD5E4E00B82A6A /* PackagesComboDiscountCard.swift */,
				7B6411BC2FCFFFDE00EC660B /* PackagesComboAmountBottomView.swift */,
				7B6411BE2FD001AF00EC660B /* PackagesComboAmountDetailView.swift */,
				7BE414C92FD2D39D00BF0EB6 /* PackagesComboChangeSearchNavView.swift */,
			);
			path = View;
			sourceTree = "<group>";
		};
		7B39BE2D2FC948D2003ABF42 /* Model */ = {
			isa = PBXGroup;
			children = (
				7B47679A2FF378A00070BAA4 /* Response */,
				7B39BE3A2FC971CF003ABF42 /* PackagesComboNavInfo.swift */,
				7B39BE2E2FC9665D003ABF42 /* PackagesComboSystemNoticeModel.swift */,
				7B39BE2B2FC94706003ABF42 /* PackagesComboAirInfoModel.swift */,
				7B6411C02FD0221B00EC660B /* PackagesComboHotelInfoModel.swift */,
				7B6411C22FD0270A00EC660B /* PackagesComboDiscountInfoCard.swift */,
				7B9107612FD6650300083AF1 /* PackagesComboAmountModel.swift */,
				7B0590AC2FD6C5E60016FCC3 /* PackagesNoticeInfoModel.swift */,
			);
			path = Model;
			sourceTree = "<group>";
		};
		7B4460CA2FEA397700271458 /* Mock */ = {
			isa = PBXGroup;
			children = (
				7B4460CB2FEA39BA00271458 /* Combo.json */,
			);
			path = Mock;
			sourceTree = "<group>";
		};
		7B4460CD2FEA39E100271458 /* ViewModel */ = {
			isa = PBXGroup;
			children = (
				7B39BE382FC96CC3003ABF42 /* PackagesComboViewModel.swift */,
			);
			path = ViewModel;
			sourceTree = "<group>";
		};
		7B47679A2FF378A00070BAA4 /* Response */ = {
			isa = PBXGroup;
			children = (
				7B5D2B212FE923B200678C97 /* PackagesDynamicBundleResponse.swift */,
				7B4767982FF376500070BAA4 /* PackagesHotelIsGuaranteeResponse.swift */,
			);
			path = Response;
			sourceTree = "<group>";
		};
		7B785D122FA8421400079056 = {
			isa = PBXGroup;
			children = (
				7B2D22DD2FC7DC0800D0531F /* AirHotel */,
				7B785D1C2FA8421400079056 /* Products */,
			);
			sourceTree = "<group>";
		};
		7B785D1C2FA8421400079056 /* Products */ = {
			isa = PBXGroup;
			children = (
				7B785D1B2FA8421400079056 /* AirHotel.app */,
			);
			name = Products;
			sourceTree = "<group>";
		};
		7BE414BF2FD2784600BF0EB6 /* Generated */ = {
			isa = PBXGroup;
			children = (
				7BE414BD2FD2784600BF0EB6 /* DesignToken.swift */,
				7BE414BE2FD2784600BF0EB6 /* UIColor+Hex.swift */,
			);
			path = Generated;
			sourceTree = "<group>";
		};
		7BE414C32FD2784600BF0EB6 /* DesignSystem */ = {
			isa = PBXGroup;
			children = (
				7BE414BF2FD2784600BF0EB6 /* Generated */,
				7BE414C02FD2784600BF0EB6 /* AppColor.swift */,
				7BE414C12FD2784600BF0EB6 /* AppSpacing.swift */,
				7BE414C22FD2784600BF0EB6 /* AppTypography.swift */,
			);
			path = DesignSystem;
			sourceTree = "<group>";
		};
/* End PBXGroup section */

/* Begin PBXNativeTarget section */
		7B785D1A2FA8421400079056 /* AirHotel */ = {
			isa = PBXNativeTarget;
			buildConfigurationList = 7B785D262FA8421500079056 /* Build configuration list for PBXNativeTarget "AirHotel" */;
			buildPhases = (
				7B785D172FA8421400079056 /* Sources */,
				7B785D182FA8421400079056 /* Frameworks */,
				7B785D192FA8421400079056 /* Resources */,
			);
			buildRules = (
			);
			dependencies = (
			);
			name = AirHotel;
			packageProductDependencies = (
			);
			productName = AirHotel;
			productReference = 7B785D1B2FA8421400079056 /* AirHotel.app */;
			productType = "com.apple.product-type.application";
		};
/* End PBXNativeTarget section */

/* Begin PBXProject section */
		7B785D132FA8421400079056 /* Project object */ = {
			isa = PBXProject;
			attributes = {
				BuildIndependentTargetsInParallel = 1;
				LastSwiftUpdateCheck = 2630;
				LastUpgradeCheck = 2630;
				TargetAttributes = {
					7B785D1A2FA8421400079056 = {
						CreatedOnToolsVersion = 26.3;
					};
				};
			};
			buildConfigurationList = 7B785D162FA8421400079056 /* Build configuration list for PBXProject "AirHotel" */;
			developmentRegion = en;
			hasScannedForEncodings = 0;
			knownRegions = (
				en,
				Base,
			);
			mainGroup = 7B785D122FA8421400079056;
			minimizedProjectReferenceProxies = 1;
			packageReferences = (
			);
			preferredProjectObjectVersion = 77;
			productRefGroup = 7B785D1C2FA8421400079056 /* Products */;
			projectDirPath = "";
			projectRoot = "";
			targets = (
				7B785D1A2FA8421400079056 /* AirHotel */,
			);
		};
/* End PBXProject section */

/* Begin PBXResourcesBuildPhase section */
		7B785D192FA8421400079056 /* Resources */ = {
			isa = PBXResourcesBuildPhase;
			buildActionMask = 2147483647;
			files = (
				7B4460CC2FEA39BA00271458 /* Combo.json in Resources */,
				7B2D22E42FC7DC0800D0531F /* Assets.xcassets in Resources */,
			);
			runOnlyForDeploymentPostprocessing = 0;
		};
/* End PBXResourcesBuildPhase section */

/* Begin PBXSourcesBuildPhase section */
		7B785D172FA8421400079056 /* Sources */ = {
			isa = PBXSourcesBuildPhase;
			buildActionMask = 2147483647;
			files = (
				7B2D22DE2FC7DC0800D0531F /* AirHotelApp.swift in Sources */,
				7B2D22DF2FC7DC0800D0531F /* PackagesComboView.swift in Sources */,
				7B4767992FF376500070BAA4 /* PackagesHotelIsGuaranteeResponse.swift in Sources */,
				7BF022EA2FEE7E5C00E04F76 /* HomeAdImageViewSwiftUIView.swift in Sources */,
				7B6411BF2FD001AF00EC660B /* PackagesComboAmountDetailView.swift in Sources */,
				7B9107642FD6938E00083AF1 /* PackagesNoticeInfoView.swift in Sources */,
				7B9107622FD6650300083AF1 /* PackagesComboAmountModel.swift in Sources */,
				7B39BE392FC96CC3003ABF42 /* PackagesComboViewModel.swift in Sources */,
				7BB68CE52FCE737E009412D8 /* DiscountDemo.swift in Sources */,
				7B2D22E02FC7DC0800D0531F /* Constant.swift in Sources */,
				7B2D22E12FC7DC0800D0531F /* ContentView.swift in Sources */,
				7B2D22EA2FC81D4B00D0531F /* PackagesComboAirCard.swift in Sources */,
				7B39BE352FC96B96003ABF42 /* PackagesComboPolicyNoticeView.swift in Sources */,
				7BE414C42FD2784600BF0EB6 /* AppSpacing.swift in Sources */,
				7BE414C52FD2784600BF0EB6 /* UIColor+Hex.swift in Sources */,
				7BE414CA2FD2D39D00BF0EB6 /* PackagesComboChangeSearchNavView.swift in Sources */,
				7BE414C62FD2784600BF0EB6 /* AppColor.swift in Sources */,
				7BE414C72FD2784600BF0EB6 /* DesignToken.swift in Sources */,
				7BE414C82FD2784600BF0EB6 /* AppTypography.swift in Sources */,
				7B39BE3D2FC97A61003ABF42 /* PackagesComboHotelCard.swift in Sources */,
				7B39BE3B2FC971CF003ABF42 /* PackagesComboNavInfo.swift in Sources */,
				7B2D22EC2FC820B900D0531F /* PackagesComboCardTitle.swift in Sources */,
				7B3343662FCD5E4E00B82A6A /* PackagesComboDiscountCard.swift in Sources */,
				7B6411C32FD0270A00EC660B /* PackagesComboDiscountInfoCard.swift in Sources */,
				7B2D22E22FC7DC0800D0531F /* NavHostingController.swift in Sources */,
				7B2D22E32FC7DC0800D0531F /* SearchView.swift in Sources */,
				7B2D22E72FC7DCB500D0531F /* BookingConfirmView.swift in Sources */,
				7B39BE312FC96A69003ABF42 /* PackagesComboHeader.swift in Sources */,
				7B39BE372FC96BC8003ABF42 /* PackagesComboSystemNoticeView.swift in Sources */,
				7B0590AD2FD6C5E60016FCC3 /* PackagesNoticeInfoModel.swift in Sources */,
				7B39BE332FC96B3C003ABF42 /* PackagesComboNavView.swift in Sources */,
				7B6411C12FD0221B00EC660B /* PackagesComboHotelInfoModel.swift in Sources */,
				7B6411BD2FCFFFDE00EC660B /* PackagesComboAmountBottomView.swift in Sources */,
				7B39BE2C2FC94706003ABF42 /* PackagesComboAirInfoModel.swift in Sources */,
				7B39BE2F2FC9665D003ABF42 /* PackagesComboSystemNoticeModel.swift in Sources */,
				7B9D52432FECBD27002AF33B /* DialogSwiftUIView.swift in Sources */,
				7B5D2B222FE923B200678C97 /* PackagesDynamicBundleResponse.swift in Sources */,
			);
			runOnlyForDeploymentPostprocessing = 0;
		};
/* End PBXSourcesBuildPhase section */

/* Begin XCBuildConfiguration section */
		7B785D242FA8421500079056 /* Debug */ = {
			isa = XCBuildConfiguration;
			buildSettings = {
				ALWAYS_SEARCH_USER_PATHS = NO;
				ASSETCATALOG_COMPILER_GENERATE_SWIFT_ASSET_SYMBOL_EXTENSIONS = YES;
				CLANG_ANALYZER_NONNULL = YES;
				CLANG_ANALYZER_NUMBER_OBJECT_CONVERSION = YES_AGGRESSIVE;
				CLANG_CXX_LANGUAGE_STANDARD = "gnu++20";
				CLANG_ENABLE_MODULES = YES;
				CLANG_ENABLE_OBJC_ARC = YES;
				CLANG_ENABLE_OBJC_WEAK = YES;
				CLANG_WARN_BLOCK_CAPTURE_AUTORELEASING = YES;
				CLANG_WARN_BOOL_CONVERSION = YES;
				CLANG_WARN_COMMA = YES;
				CLANG_WARN_CONSTANT_CONVERSION = YES;
				CLANG_WARN_DEPRECATED_OBJC_IMPLEMENTATIONS = YES;
				CLANG_WARN_DIRECT_OBJC_ISA_USAGE = YES_ERROR;
				CLANG_WARN_DOCUMENTATION_COMMENTS = YES;
				CLANG_WARN_EMPTY_BODY = YES;
				CLANG_WARN_ENUM_CONVERSION = YES;
				CLANG_WARN_INFINITE_RECURSION = YES;
				CLANG_WARN_INT_CONVERSION = YES;
				CLANG_WARN_NON_LITERAL_NULL_CONVERSION = YES;
				CLANG_WARN_OBJC_IMPLICIT_RETAIN_SELF = YES;
				CLANG_WARN_OBJC_LITERAL_CONVERSION = YES;
				CLANG_WARN_OBJC_ROOT_CLASS = YES_ERROR;
				CLANG_WARN_QUOTED_INCLUDE_IN_FRAMEWORK_HEADER = YES;
				CLANG_WARN_RANGE_LOOP_ANALYSIS = YES;
				CLANG_WARN_STRICT_PROTOTYPES = YES;
				CLANG_WARN_SUSPICIOUS_MOVE = YES;
				CLANG_WARN_UNGUARDED_AVAILABILITY = YES_AGGRESSIVE;
				CLANG_WARN_UNREACHABLE_CODE = YES;
				CLANG_WARN__DUPLICATE_METHOD_MATCH = YES;
				COPY_PHASE_STRIP = NO;
				DEBUG_INFORMATION_FORMAT = dwarf;
				ENABLE_STRICT_OBJC_MSGSEND = YES;
				ENABLE_TESTABILITY = YES;
				ENABLE_USER_SCRIPT_SANDBOXING = YES;
				GCC_C_LANGUAGE_STANDARD = gnu17;
				GCC_DYNAMIC_NO_PIC = NO;
				GCC_NO_COMMON_BLOCKS = YES;
				GCC_OPTIMIZATION_LEVEL = 0;
				GCC_PREPROCESSOR_DEFINITIONS = (
					"DEBUG=1",
					"$(inherited)",
				);
				GCC_WARN_64_TO_32_BIT_CONVERSION = YES;
				GCC_WARN_ABOUT_RETURN_TYPE = YES_ERROR;
				GCC_WARN_UNDECLARED_SELECTOR = YES;
				GCC_WARN_UNINITIALIZED_AUTOS = YES_AGGRESSIVE;
				GCC_WARN_UNUSED_FUNCTION = YES;
				GCC_WARN_UNUSED_VARIABLE = YES;
				IPHONEOS_DEPLOYMENT_TARGET = 26.2;
				LOCALIZATION_PREFERS_STRING_CATALOGS = YES;
				MTL_ENABLE_DEBUG_INFO = INCLUDE_SOURCE;
				MTL_FAST_MATH = YES;
				ONLY_ACTIVE_ARCH = YES;
				SDKROOT = iphoneos;
				SWIFT_ACTIVE_COMPILATION_CONDITIONS = "DEBUG $(inherited)";
				SWIFT_OPTIMIZATION_LEVEL = "-Onone";
			};
			name = Debug;
		};
		7B785D252FA8421500079056 /* Release */ = {
			isa = XCBuildConfiguration;
			buildSettings = {
				ALWAYS_SEARCH_USER_PATHS = NO;
				ASSETCATALOG_COMPILER_GENERATE_SWIFT_ASSET_SYMBOL_EXTENSIONS = YES;
				CLANG_ANALYZER_NONNULL = YES;
				CLANG_ANALYZER_NUMBER_OBJECT_CONVERSION = YES_AGGRESSIVE;
				CLANG_CXX_LANGUAGE_STANDARD = "gnu++20";
				CLANG_ENABLE_MODULES = YES;
				CLANG_ENABLE_OBJC_ARC = YES;
				CLANG_ENABLE_OBJC_WEAK = YES;
				CLANG_WARN_BLOCK_CAPTURE_AUTORELEASING = YES;
				CLANG_WARN_BOOL_CONVERSION = YES;
				CLANG_WARN_COMMA = YES;
				CLANG_WARN_CONSTANT_CONVERSION = YES;
				CLANG_WARN_DEPRECATED_OBJC_IMPLEMENTATIONS = YES;
				CLANG_WARN_DIRECT_OBJC_ISA_USAGE = YES_ERROR;
				CLANG_WARN_DOCUMENTATION_COMMENTS = YES;
				CLANG_WARN_EMPTY_BODY = YES;
				CLANG_WARN_ENUM_CONVERSION = YES;
				CLANG_WARN_INFINITE_RECURSION = YES;
				CLANG_WARN_INT_CONVERSION = YES;
				CLANG_WARN_NON_LITERAL_NULL_CONVERSION = YES;
				CLANG_WARN_OBJC_IMPLICIT_RETAIN_SELF = YES;
				CLANG_WARN_OBJC_LITERAL_CONVERSION = YES;
				CLANG_WARN_OBJC_ROOT_CLASS = YES_ERROR;
				CLANG_WARN_QUOTED_INCLUDE_IN_FRAMEWORK_HEADER = YES;
				CLANG_WARN_RANGE_LOOP_ANALYSIS = YES;
				CLANG_WARN_STRICT_PROTOTYPES = YES;
				CLANG_WARN_SUSPICIOUS_MOVE = YES;
				CLANG_WARN_UNGUARDED_AVAILABILITY = YES_AGGRESSIVE;
				CLANG_WARN_UNREACHABLE_CODE = YES;
				CLANG_WARN__DUPLICATE_METHOD_MATCH = YES;
				COPY_PHASE_STRIP = NO;
				DEBUG_INFORMATION_FORMAT = "dwarf-with-dsym";
				ENABLE_NS_ASSERTIONS = NO;
				ENABLE_STRICT_OBJC_MSGSEND = YES;
				ENABLE_USER_SCRIPT_SANDBOXING = YES;
				GCC_C_LANGUAGE_STANDARD = gnu17;
				GCC_NO_COMMON_BLOCKS = YES;
				GCC_WARN_64_TO_32_BIT_CONVERSION = YES;
				GCC_WARN_ABOUT_RETURN_TYPE = YES_ERROR;
				GCC_WARN_UNDECLARED_SELECTOR = YES;
				GCC_WARN_UNINITIALIZED_AUTOS = YES_AGGRESSIVE;
				GCC_WARN_UNUSED_FUNCTION = YES;
				GCC_WARN_UNUSED_VARIABLE = YES;
				IPHONEOS_DEPLOYMENT_TARGET = 26.2;
				LOCALIZATION_PREFERS_STRING_CATALOGS = YES;
				MTL_ENABLE_DEBUG_INFO = NO;
				MTL_FAST_MATH = YES;
				SDKROOT = iphoneos;
				SWIFT_COMPILATION_MODE = wholemodule;
				VALIDATE_PRODUCT = YES;
			};
			name = Release;
		};
		7B785D272FA8421500079056 /* Debug */ = {
			isa = XCBuildConfiguration;
			buildSettings = {
				ASSETCATALOG_COMPILER_APPICON_NAME = AppIcon;
				ASSETCATALOG_COMPILER_GLOBAL_ACCENT_COLOR_NAME = AccentColor;
				CODE_SIGN_STYLE = Automatic;
				CURRENT_PROJECT_VERSION = 1;
				ENABLE_PREVIEWS = YES;
				GENERATE_INFOPLIST_FILE = YES;
				INFOPLIST_KEY_UIApplicationSceneManifest_Generation = YES;
				INFOPLIST_KEY_UIApplicationSupportsIndirectInputEvents = YES;
				INFOPLIST_KEY_UILaunchScreen_Generation = YES;
				INFOPLIST_KEY_UISupportedInterfaceOrientations_iPad = "UIInterfaceOrientationPortrait UIInterfaceOrientationPortraitUpsideDown UIInterfaceOrientationLandscapeLeft UIInterfaceOrientationLandscapeRight";
				INFOPLIST_KEY_UISupportedInterfaceOrientations_iPhone = "UIInterfaceOrientationPortrait UIInterfaceOrientationLandscapeLeft UIInterfaceOrientationLandscapeRight";
				IPHONEOS_DEPLOYMENT_TARGET = 15.0;
				LD_RUNPATH_SEARCH_PATHS = (
					"$(inherited)",
					"@executable_path/Frameworks",
				);
				MARKETING_VERSION = 1.0;
				PRODUCT_BUNDLE_IDENTIFIER = com.test.AirHotel;
				PRODUCT_NAME = "$(TARGET_NAME)";
				STRING_CATALOG_GENERATE_SYMBOLS = YES;
				SWIFT_APPROACHABLE_CONCURRENCY = YES;
				SWIFT_DEFAULT_ACTOR_ISOLATION = MainActor;
				SWIFT_EMIT_LOC_STRINGS = YES;
				SWIFT_UPCOMING_FEATURE_MEMBER_IMPORT_VISIBILITY = YES;
				SWIFT_VERSION = 5.0;
				TARGETED_DEVICE_FAMILY = "1,2";
			};
			name = Debug;
		};
		7B785D282FA8421500079056 /* Release */ = {
			isa = XCBuildConfiguration;
			buildSettings = {
				ASSETCATALOG_COMPILER_APPICON_NAME = AppIcon;
				ASSETCATALOG_COMPILER_GLOBAL_ACCENT_COLOR_NAME = AccentColor;
				CODE_SIGN_STYLE = Automatic;
				CURRENT_PROJECT_VERSION = 1;
				ENABLE_PREVIEWS = YES;
				GENERATE_INFOPLIST_FILE = YES;
				INFOPLIST_KEY_UIApplicationSceneManifest_Generation = YES;
				INFOPLIST_KEY_UIApplicationSupportsIndirectInputEvents = YES;
				INFOPLIST_KEY_UILaunchScreen_Generation = YES;
				INFOPLIST_KEY_UISupportedInterfaceOrientations_iPad = "UIInterfaceOrientationPortrait UIInterfaceOrientationPortraitUpsideDown UIInterfaceOrientationLandscapeLeft UIInterfaceOrientationLandscapeRight";
				INFOPLIST_KEY_UISupportedInterfaceOrientations_iPhone = "UIInterfaceOrientationPortrait UIInterfaceOrientationLandscapeLeft UIInterfaceOrientationLandscapeRight";
				IPHONEOS_DEPLOYMENT_TARGET = 15.0;
				LD_RUNPATH_SEARCH_PATHS = (
					"$(inherited)",
					"@executable_path/Frameworks",
				);
				MARKETING_VERSION = 1.0;
				PRODUCT_BUNDLE_IDENTIFIER = com.test.AirHotel;
				PRODUCT_NAME = "$(TARGET_NAME)";
				STRING_CATALOG_GENERATE_SYMBOLS = YES;
				SWIFT_APPROACHABLE_CONCURRENCY = YES;
				SWIFT_DEFAULT_ACTOR_ISOLATION = MainActor;
				SWIFT_EMIT_LOC_STRINGS = YES;
				SWIFT_UPCOMING_FEATURE_MEMBER_IMPORT_VISIBILITY = YES;
				SWIFT_VERSION = 5.0;
				TARGETED_DEVICE_FAMILY = "1,2";
			};
			name = Release;
		};
/* End XCBuildConfiguration section */

/* Begin XCConfigurationList section */
		7B785D162FA8421400079056 /* Build configuration list for PBXProject "AirHotel" */ = {
			isa = XCConfigurationList;
			buildConfigurations = (
				7B785D242FA8421500079056 /* Debug */,
				7B785D252FA8421500079056 /* Release */,
			);
			defaultConfigurationIsVisible = 0;
			defaultConfigurationName = Release;
		};
		7B785D262FA8421500079056 /* Build configuration list for PBXNativeTarget "AirHotel" */ = {
			isa = XCConfigurationList;
			buildConfigurations = (
				7B785D272FA8421500079056 /* Debug */,
				7B785D282FA8421500079056 /* Release */,
			);
			defaultConfigurationIsVisible = 0;
			defaultConfigurationName = Release;
		};
/* End XCConfigurationList section */
	};
	rootObject = 7B785D132FA8421400079056 /* Project object */;
}
